
Microsoft Visual Studio Solution File, Format Version 12.00
# Visual Studio Version 17
VisualStudioVersion = 17.9.34728.123
MinimumVisualStudioVersion = 10.0.40219.1
Project("{9A19103F-16F7-4668-BE54-9A1E7A4F7556}") = "STEM-ROBOT.Web", "STEM-ROBOT_BE\STEM-ROBOT.Web.csproj", "{4C3894B9-F6C8-451F-96BB-567A846077F4}"
EndProject
Project("{9A19103F-16F7-4668-BE54-9A1E7A4F7556}") = "STEM-ROBOT.DAL", "STEM-ROBOT.DAL\STEM-ROBOT.DAL.csproj", "{A0819075-19CD-40AF-BCB7-EBCB379B8E3F}"
EndProject
Project("{9A19103F-16F7-4668-BE54-9A1E7A4F7556}") = "STEM-ROBOT.BLL", "STEM-ROBOT.BLL\STEM-ROBOT.BLL.csproj", "{E47D58B9-F0D5-41E6-9675-CB784FB39B40}"
EndProject
Project("{9A19103F-16F7-4668-BE54-9A1E7A4F7556}") = "STEM-ROBOT.Common", "STEM-ROBOT.Common\STEM-ROBOT.Common.csproj", "{E107F9B8-EDA5-4877-A37D-BA6F78A45698}"
EndProject
Project("{E53339B2-1760-4266-BCC7-CA923CBCF16C}") = "docker-compose", "docker-compose.dcproj", "{92754C2C-315A-40AF-A48B-484EB4FE1309}"
EndProject
Project("{FAE04EC0-301F-11D3-BF4B-00C04F79EFBC}") = "STEM-ROBOT.TEST", "..\STEM-ROBOT.TEST\STEM-ROBOT.TEST.csproj", "{9C01A8D0-7912-4DA4-9D3E-02BF16793878}"
EndProject
Global
	GlobalSection(SolutionConfigurationPlatforms) = preSolution
		Debug|Any CPU = Debug|Any CPU
		Release|Any CPU = Release|Any CPU
	EndGlobalSection
	GlobalSection(ProjectConfigurationPlatforms) = postSolution
		{4C3894B9-F6C8-451F-96BB-567A846077F4}.Debug|Any CPU.ActiveCfg = Debug|Any CPU
		{4C3894B9-F6C8-451F-96BB-567A846077F4}.Debug|Any CPU.Build.0 = Debug|Any CPU
		{4C3894B9-F6C8-451F-96BB-567A846077F4}.Release|Any CPU.ActiveCfg = Release|Any CPU
		{4C3894B9-F6C8-451F-96BB-567A846077F4}.Release|Any CPU.Build.0 = Release|Any CPU
		{A0819075-19CD-40AF-BCB7-EBCB379B8E3F}.Debug|Any CPU.ActiveCfg = Debug|Any CPU
		{A0819075-19CD-40AF-BCB7-EBCB379B8E3F}.Debug|Any CPU.Build.0 = Debug|Any CPU
		{A0819075-19CD-40AF-BCB7-EBCB379B8E3F}.Release|Any CPU.ActiveCfg = Release|Any CPU
		{A0819075-19CD-40AF-BCB7-EBCB379B8E3F}.Release|Any CPU.Build.0 = Release|Any CPU
		{E47D58B9-F0D5-41E6-9675-CB784FB39B40}.Debug|Any CPU.ActiveCfg = Debug|Any CPU
		{E47D58B9-F0D5-41E6-9675-CB784FB39B40}.Debug|Any CPU.Build.0 = Debug|Any CPU
		{E47D58B9-F0D5-41E6-9675-CB784FB39B40}.Release|Any CPU.ActiveCfg = Release|Any CPU
		{E47D58B9-F0D5-41E6-9675-CB784FB39B40}.Release|Any CPU.Build.0 = Release|Any CPU
		{E107F9B8-EDA5-4877-A37D-BA6F78A45698}.Debug|Any CPU.ActiveCfg = Debug|Any CPU
		{E107F9B8-EDA5-4877-A37D-BA6F78A45698}.Debug|Any CPU.Build.0 = Debug|Any CPU
		{E107F9B8-EDA5-4877-A37D-BA6F78A45698}.Release|Any CPU.ActiveCfg = Release|Any CPU
		{E107F9B8-EDA5-4877-A37D-BA6F78A45698}.Release|Any CPU.Build.0 = Release|Any CPU
		{92754C2C-315A-40AF-A48B-484EB4FE1309}.Debug|Any CPU.ActiveCfg = Debug|Any CPU
		{92754C2C-315A-40AF-A48B-484EB4FE1309}.Debug|Any CPU.Build.0 = Debug|Any CPU
		{92754C2C-315A-40AF-A48B-484EB4FE1309}.Release|Any CPU.ActiveCfg = Release|Any CPU
		{92754C2C-315A-40AF-A48B-484EB4FE1309}.Release|Any CPU.Build.0 = Release|Any CPU
		{9C01A8D0-7912-4DA4-9D3E-02BF16793878}.Debug|Any CPU.ActiveCfg = Debug|Any CPU
		{9C01A8D0-7912-4DA4-9D3E-02BF16793878}.Debug|Any CPU.Build.0 = Debug|Any CPU
		{9C01A8D0-7912-4DA4-9D3E-02BF16793878}.Release|Any CPU.ActiveCfg = Release|Any CPU
		{9C01A8D0-7912-4DA4-9D3E-02BF16793878}.Release|Any CPU.Build.0 = Release|Any CPU
	EndGlobalSection
	GlobalSection(SolutionProperties) = preSolution
		HideSolutionNode = FALSE
	EndGlobalSection
	GlobalSection(ExtensibilityGlobals) = postSolution
		SolutionGuid = {44198D3A-C020-4D19-B874-3037E9FFC979}
	EndGlobalSection
EndGlobal
